hash: 96fac3604258cd8923e4cc6f4abd05b11895c7d882f4f8193c8c38854869e67f
updated: 2017-08-26T19:16:06.809533322+07:00
imports:
- name: github.com/flosch/pongo2
  version: 5e81b817a0c48c1c57cdf1a9056cf76bdee02ca9
- name: github.com/gorilla/context
  version: 08b5f424b9271eedf6f9f0ce86cb9396ed337a42
- name: github.com/gorilla/mux
  version: bcd8bc72b08df0f70df986b97f95590779502d31
- name: github.com/lib/pq
  version: e42267488fe361b9dc034be7a6bffef5b195bceb
  subpackages:
  - oid
testImports:
- name: github.com/paulbellamy/ratecounter
  version: 524851a93235ac051e3540563ed7909357fe24ab
